<?xml version="1.0" encoding="utf-8"?>
<Project ToolsVersion="4.0" xmlns="http://schemas.microsoft.com/developer/msbuild/2003">
  <ItemGroup>
    <ClCompile Include="argv.c">
      <Filter>Sources</Filter>
    </ClCompile>
    <ClCompile Include="auth_token.c">
      <Filter>Sources</Filter>
    </ClCompile>
    <ClCompile Include="base64.c">
      <Filter>Sources</Filter>
    </ClCompile>
    <ClCompile Include="block_dns.c">
      <Filter>Sources</Filter>
    </ClCompile>
    <ClCompile Include="buffer.c">
      <Filter>Sources</Filter>
    </ClCompile>
    <ClCompile Include="clinat.c">
      <Filter>Sources</Filter>
    </ClCompile>
    <ClCompile Include="comp.c">
      <Filter>Sources</Filter>
    </ClCompile>
    <ClCompile Include="comp-lz4.c">
      <Filter>Sources</Filter>
    </ClCompile>
    <ClCompile Include="compstub.c">
      <Filter>Sources</Filter>
    </ClCompile>
    <ClCompile Include="console.c">
      <Filter>Sources</Filter>
    </ClCompile>
    <ClCompile Include="console_builtin.c">
      <Filter>Sources</Filter>
    </ClCompile>
    <ClCompile Include="crypto.c">
      <Filter>Sources</Filter>
    </ClCompile>
    <ClCompile Include="crypto_openssl.c">
      <Filter>Sources</Filter>
    </ClCompile>
    <ClCompile Include="cryptoapi.c">
      <Filter>Sources</Filter>
    </ClCompile>
    <ClCompile Include="dco.c">
      <Filter>Sources</Filter>
    </ClCompile>
    <ClCompile Include="dco_linux.c">
      <Filter>Sources</Filter>
    </ClCompile>
    <ClCompile Include="dco_win.c">
      <Filter>Sources</Filter>
    </ClCompile>
    <ClCompile Include="dhcp.c">
      <Filter>Sources</Filter>
    </ClCompile>
    <ClCompile Include="dns.c">
      <Filter>Sources</Filter>
    </ClCompile>
    <ClCompile Include="env_set.c">
      <Filter>Sources</Filter>
    </ClCompile>
    <ClCompile Include="error.c">
      <Filter>Sources</Filter>
    </ClCompile>
    <ClCompile Include="event.c">
      <Filter>Sources</Filter>
    </ClCompile>
    <ClCompile Include="fdmisc.c">
      <Filter>Sources</Filter>
    </ClCompile>
    <ClCompile Include="forward.c">
      <Filter>Sources</Filter>
    </ClCompile>
    <ClCompile Include="fragment.c">
      <Filter>Sources</Filter>
    </ClCompile>
    <ClCompile Include="gremlin.c">
      <Filter>Sources</Filter>
    </ClCompile>
    <ClCompile Include="helper.c">
      <Filter>Sources</Filter>
    </ClCompile>
    <ClCompile Include="httpdigest.c">
      <Filter>Sources</Filter>
    </ClCompile>
    <ClCompile Include="init.c">
      <Filter>Sources</Filter>
    </ClCompile>
    <ClCompile Include="interval.c">
      <Filter>Sources</Filter>
    </ClCompile>
    <ClCompile Include="list.c">
      <Filter>Sources</Filter>
    </ClCompile>
    <ClCompile Include="lladdr.c">
      <Filter>Sources</Filter>
    </ClCompile>
    <ClCompile Include="lzo.c">
      <Filter>Sources</Filter>
    </ClCompile>
    <ClCompile Include="manage.c">
      <Filter>Sources</Filter>
    </ClCompile>
    <ClCompile Include="mbuf.c">
      <Filter>Sources</Filter>
    </ClCompile>
    <ClCompile Include="misc.c">
      <Filter>Sources</Filter>
    </ClCompile>
    <ClCompile Include="mroute.c">
      <Filter>Sources</Filter>
    </ClCompile>
    <ClCompile Include="mss.c">
      <Filter>Sources</Filter>
    </ClCompile>
    <ClCompile Include="mstats.c">
      <Filter>Sources</Filter>
    </ClCompile>
    <ClCompile Include="mtcp.c">
      <Filter>Sources</Filter>
    </ClCompile>
    <ClCompile Include="mtu.c">
      <Filter>Sources</Filter>
    </ClCompile>
    <ClCompile Include="mudp.c">
      <Filter>Sources</Filter>
    </ClCompile>
    <ClCompile Include="multi.c">
      <Filter>Sources</Filter>
    </ClCompile>
    <ClCompile Include="ntlm.c">
      <Filter>Sources</Filter>
    </ClCompile>
    <ClCompile Include="occ.c">
      <Filter>Sources</Filter>
    </ClCompile>
    <ClCompile Include="openvpn.c">
      <Filter>Sources</Filter>
    </ClCompile>
    <ClCompile Include="options.c">
      <Filter>Sources</Filter>
    </ClCompile>
    <ClCompile Include="otime.c">
      <Filter>Sources</Filter>
    </ClCompile>
    <ClCompile Include="packet_id.c">
      <Filter>Sources</Filter>
    </ClCompile>
    <ClCompile Include="perf.c">
      <Filter>Sources</Filter>
    </ClCompile>
    <ClCompile Include="ping.c">
      <Filter>Sources</Filter>
    </ClCompile>
    <ClCompile Include="pkcs11.c">
      <Filter>Sources</Filter>
    </ClCompile>
    <ClCompile Include="pkcs11_openssl.c">
      <Filter>Sources</Filter>
    </ClCompile>
    <ClCompile Include="platform.c">
      <Filter>Sources</Filter>
    </ClCompile>
    <ClCompile Include="plugin.c">
      <Filter>Sources</Filter>
    </ClCompile>
    <ClCompile Include="pool.c">
      <Filter>Sources</Filter>
    </ClCompile>
    <ClCompile Include="proto.c">
      <Filter>Sources</Filter>
    </ClCompile>
    <ClCompile Include="proxy.c">
      <Filter>Sources</Filter>
    </ClCompile>
    <ClCompile Include="ps.c">
      <Filter>Sources</Filter>
    </ClCompile>
    <ClCompile Include="push.c">
      <Filter>Sources</Filter>
    </ClCompile>
    <ClCompile Include="reliable.c">
      <Filter>Sources</Filter>
    </ClCompile>
    <ClCompile Include="route.c">
      <Filter>Sources</Filter>
    </ClCompile>
    <ClCompile Include="run_command.c">
      <Filter>Sources</Filter>
    </ClCompile>
    <ClCompile Include="schedule.c">
      <Filter>Sources</Filter>
    </ClCompile>
    <ClCompile Include="session_id.c">
      <Filter>Sources</Filter>
    </ClCompile>
    <ClCompile Include="shaper.c">
      <Filter>Sources</Filter>
    </ClCompile>
    <ClCompile Include="sig.c">
      <Filter>Sources</Filter>
    </ClCompile>
    <ClCompile Include="socket.c">
      <Filter>Sources</Filter>
    </ClCompile>
    <ClCompile Include="socks.c">
      <Filter>Sources</Filter>
    </ClCompile>
    <ClCompile Include="ssl.c">
      <Filter>Sources</Filter>
    </ClCompile>
    <ClCompile Include="ssl_ncp.c">
      <Filter>Sources</Filter>
    </ClCompile>
    <ClCompile Include="ssl_openssl.c">
      <Filter>Sources</Filter>
    </ClCompile>
    <ClCompile Include="ssl_pkt.c">
      <Filter>Sources</Filter>
    </ClCompile>
    <ClCompile Include="ssl_util.c">
      <Filter>Sources</Filter>
    </ClCompile>
    <ClCompile Include="ssl_verify.c">
      <Filter>Sources</Filter>
    </ClCompile>
    <ClCompile Include="ssl_verify_openssl.c">
      <Filter>Sources</Filter>
    </ClCompile>
    <ClCompile Include="status.c">
      <Filter>Sources</Filter>
    </ClCompile>
    <ClCompile Include="tls_crypt.c">
      <Filter>Sources</Filter>
    </ClCompile>
    <ClCompile Include="tun.c">
      <Filter>Sources</Filter>
    </ClCompile>
    <ClCompile Include="vlan.c">
      <Filter>Sources</Filter>
    </ClCompile>
    <ClCompile Include="win32.c">
      <Filter>Sources</Filter>
    </ClCompile>
    <ClCompile Include="win32-util.c">
      <Filter>Sources</Filter>
    </ClCompile>
    <ClCompile Include="xkey_helper.c">
      <Filter>Sources</Filter>
    </ClCompile>
    <ClCompile Include="xkey_provider.c">
      <Filter>Sources</Filter>
    </ClCompile>
  </ItemGroup>
  <ItemGroup>
    <ClInclude Include="argv.h">
      <Filter>Headers</Filter>
    </ClInclude>
    <ClInclude Include="auth_token.h">
      <Filter>Headers</Filter>
    </ClInclude>
    <ClInclude Include="base64.h">
      <Filter>Headers</Filter>
    </ClInclude>
    <ClInclude Include="basic.h">
      <Filter>Headers</Filter>
    </ClInclude>
    <ClInclude Include="block_dns.h">
      <Filter>Headers</Filter>
    </ClInclude>
    <ClInclude Include="buffer.h">
      <Filter>Headers</Filter>
    </ClInclude>
    <ClInclude Include="circ_list.h">
      <Filter>Headers</Filter>
    </ClInclude>
    <ClInclude Include="clinat.h">
      <Filter>Headers</Filter>
    </ClInclude>
    <ClInclude Include="common.h">
      <Filter>Headers</Filter>
    </ClInclude>
    <ClInclude Include="comp.h">
      <Filter>Headers</Filter>
    </ClInclude>
    <ClInclude Include="comp-lz4.h">
      <Filter>Headers</Filter>
    </ClInclude>
    <ClInclude Include="compstub.h">
      <Filter>Headers</Filter>
    </ClInclude>
    <ClInclude Include="console.h">
      <Filter>Headers</Filter>
    </ClInclude>
    <ClInclude Include="crypto.h">
      <Filter>Headers</Filter>
    </ClInclude>
    <ClInclude Include="crypto_backend.h">
      <Filter>Headers</Filter>
    </ClInclude>
    <ClInclude Include="crypto_openssl.h">
      <Filter>Headers</Filter>
    </ClInclude>
    <ClInclude Include="cryptoapi.h">
      <Filter>Headers</Filter>
    </ClInclude>
    <ClInclude Include="dco.h">
      <Filter>Headers</Filter>
    </ClInclude>
    <ClInclude Include="dco_internal.h">
      <Filter>Headers</Filter>
    </ClInclude>
    <ClInclude Include="dco_linux.h">
      <Filter>Headers</Filter>
    </ClInclude>
    <ClInclude Include="dco_win.h">
      <Filter>Headers</Filter>
    </ClInclude>
    <ClInclude Include="dhcp.h">
      <Filter>Headers</Filter>
    </ClInclude>
    <ClInclude Include="dns.h">
      <Filter>Headers</Filter>
    </ClInclude>
    <ClInclude Include="env_set.h">
      <Filter>Headers</Filter>
    </ClInclude>
    <ClInclude Include="errlevel.h">
      <Filter>Headers</Filter>
    </ClInclude>
    <ClInclude Include="error.h">
      <Filter>Headers</Filter>
    </ClInclude>
    <ClInclude Include="event.h">
      <Filter>Headers</Filter>
    </ClInclude>
    <ClInclude Include="fdmisc.h">
      <Filter>Headers</Filter>
    </ClInclude>
    <ClInclude Include="forward.h">
      <Filter>Headers</Filter>
    </ClInclude>
    <ClInclude Include="fragment.h">
      <Filter>Headers</Filter>
    </ClInclude>
    <ClInclude Include="gremlin.h">
      <Filter>Headers</Filter>
    </ClInclude>
    <ClInclude Include="helper.h">
      <Filter>Headers</Filter>
    </ClInclude>
    <ClInclude Include="httpdigest.h">
      <Filter>Headers</Filter>
    </ClInclude>
    <ClInclude Include="init.h">
      <Filter>Headers</Filter>
    </ClInclude>
    <ClInclude Include="integer.h">
      <Filter>Headers</Filter>
    </ClInclude>
    <ClInclude Include="interval.h">
      <Filter>Headers</Filter>
    </ClInclude>
    <ClInclude Include="list.h">
      <Filter>Headers</Filter>
    </ClInclude>
    <ClInclude Include="lladdr.h">
      <Filter>Headers</Filter>
    </ClInclude>
    <ClInclude Include="lzo.h">
      <Filter>Headers</Filter>
    </ClInclude>
    <ClInclude Include="manage.h">
      <Filter>Headers</Filter>
    </ClInclude>
    <ClInclude Include="memdbg.h">
      <Filter>Headers</Filter>
    </ClInclude>
    <ClInclude Include="mbuf.h">
      <Filter>Headers</Filter>
    </ClInclude>
    <ClInclude Include="misc.h">
      <Filter>Headers</Filter>
    </ClInclude>
    <ClInclude Include="mroute.h">
      <Filter>Headers</Filter>
    </ClInclude>
    <ClInclude Include="mss.h">
      <Filter>Headers</Filter>
    </ClInclude>
    <ClInclude Include="mstats.h">
      <Filter>Headers</Filter>
    </ClInclude>
    <ClInclude Include="mtcp.h">
      <Filter>Headers</Filter>
    </ClInclude>
    <ClInclude Include="mtu.h">
      <Filter>Headers</Filter>
    </ClInclude>
    <ClInclude Include="mudp.h">
      <Filter>Headers</Filter>
    </ClInclude>
    <ClInclude Include="multi.h">
      <Filter>Headers</Filter>
    </ClInclude>
    <ClInclude Include="ntlm.h">
      <Filter>Headers</Filter>
    </ClInclude>
    <ClInclude Include="occ.h">
      <Filter>Headers</Filter>
    </ClInclude>
    <ClInclude Include="openvpn.h">
      <Filter>Headers</Filter>
    </ClInclude>
    <ClInclude Include="options.h">
      <Filter>Headers</Filter>
    </ClInclude>
    <ClInclude Include="otime.h">
      <Filter>Headers</Filter>
    </ClInclude>
    <ClInclude Include="ovpn_dco_linux.h">
      <Filter>Headers</Filter>
    </ClInclude>
    <ClInclude Include="ovpn_dco_win.h">
      <Filter>Headers</Filter>
    </ClInclude>
    <ClInclude Include="packet_id.h">
      <Filter>Headers</Filter>
    </ClInclude>
    <ClInclude Include="perf.h">
      <Filter>Headers</Filter>
    </ClInclude>
    <ClInclude Include="ping.h">
      <Filter>Headers</Filter>
    </ClInclude>
    <ClInclude Include="pkcs11.h">
      <Filter>Headers</Filter>
    </ClInclude>
    <ClInclude Include="pkcs11_backend.h">
      <Filter>Headers</Filter>
    </ClInclude>
    <ClInclude Include="plugin.h">
      <Filter>Headers</Filter>
    </ClInclude>
    <ClInclude Include="platform.h">
      <Filter>Headers</Filter>
    </ClInclude>
    <ClInclude Include="pool.h">
      <Filter>Headers</Filter>
    </ClInclude>
    <ClInclude Include="proto.h">
      <Filter>Headers</Filter>
    </ClInclude>
    <ClInclude Include="proxy.h">
      <Filter>Headers</Filter>
    </ClInclude>
    <ClInclude Include="ps.h">
      <Filter>Headers</Filter>
    </ClInclude>
    <ClInclude Include="push.h">
      <Filter>Headers</Filter>
    </ClInclude>
    <ClInclude Include="pushlist.h">
      <Filter>Headers</Filter>
    </ClInclude>
    <ClInclude Include="reliable.h">
      <Filter>Headers</Filter>
    </ClInclude>
    <ClInclude Include="ring_buffer.h">
      <Filter>Headers</Filter>
    </ClInclude>
    <ClInclude Include="route.h">
      <Filter>Headers</Filter>
    </ClInclude>
    <ClInclude Include="run_command.h">
      <Filter>Headers</Filter>
    </ClInclude>
    <ClInclude Include="schedule.h">
      <Filter>Headers</Filter>
    </ClInclude>
    <ClInclude Include="session_id.h">
      <Filter>Headers</Filter>
    </ClInclude>
    <ClInclude Include="shaper.h">
      <Filter>Headers</Filter>
    </ClInclude>
    <ClInclude Include="sig.h">
      <Filter>Headers</Filter>
    </ClInclude>
    <ClInclude Include="socket.h">
      <Filter>Headers</Filter>
    </ClInclude>
    <ClInclude Include="socks.h">
      <Filter>Headers</Filter>
    </ClInclude>
    <ClInclude Include="ssl.h">
      <Filter>Headers</Filter>
    </ClInclude>
    <ClInclude Include="ssl_backend.h">
      <Filter>Headers</Filter>
    </ClInclude>
    <ClInclude Include="ssl_common.h">
      <Filter>Headers</Filter>
    </ClInclude>
    <ClInclude Include="ssl_ncp.h">
      <Filter>Headers</Filter>
    </ClInclude>
    <ClInclude Include="ssl_openssl.h">
      <Filter>Headers</Filter>
    </ClInclude>
    <ClInclude Include="ssl_pkt.h">
      <Filter>Headers</Filter>
    </ClInclude>
    <ClInclude Include="ssl_util.h">
      <Filter>Headers</Filter>
    </ClInclude>
    <ClInclude Include="ssl_verify.h">
      <Filter>Headers</Filter>
    </ClInclude>
    <ClInclude Include="ssl_verify_backend.h">
      <Filter>Headers</Filter>
    </ClInclude>
    <ClInclude Include="ssl_verify_openssl.h">
      <Filter>Headers</Filter>
    </ClInclude>
    <ClInclude Include="status.h">
      <Filter>Headers</Filter>
    </ClInclude>
    <ClInclude Include="syshead.h">
      <Filter>Headers</Filter>
    </ClInclude>
    <ClInclude Include="tls_crypt.h">
      <Filter>Headers</Filter>
    </ClInclude>
    <ClInclude Include="tun.h">
      <Filter>Headers</Filter>
    </ClInclude>
    <ClInclude Include="vlan.h">
      <Filter>Headers</Filter>
    </ClInclude>
    <ClInclude Include="win32.h">
      <Filter>Headers</Filter>
    </ClInclude>
    <ClInclude Include="win32-util.h">
      <Filter>Headers</Filter>
    </ClInclude>
    <ClInclude Include="xkey_common.h">
      <Filter>Headers</Filter>
    </ClInclude>
  </ItemGroup>
  <ItemGroup>
    <Filter Include="Headers">
      <UniqueIdentifier>{732994a0-d2d5-4753-a101-123a95f8b331}</UniqueIdentifier>
    </Filter>
    <Filter Include="Sources">
      <UniqueIdentifier>{2e69e868-07a4-4598-89b2-cb4bbba6d8cc}</UniqueIdentifier>
    </Filter>
    <Filter Include="Resources">
      <UniqueIdentifier>{86ccdb35-bed8-4cf2-811e-dfed2e109379}</UniqueIdentifier>
    </Filter>
  </ItemGroup>
  <ItemGroup>
    <ResourceCompile Include="openvpn_win32_resources.rc">
      <Filter>Resources</Filter>
    </ResourceCompile>
  </ItemGroup>
  <ItemGroup>
    <Manifest Include="openvpn.manifest">
      <Filter>Resources</Filter>
    </Manifest>
  </ItemGroup>
</Project>